
Microsoft Visual Studio Solution File, Format Version 12.00
# Visual Studio Version 17
VisualStudioVersion = 17.5.002.0
MinimumVisualStudioVersion = 10.0.40219.1
Project("{FAE04EC0-301F-11D3-BF4B-00C04F79EFBC}") = "HackathonProblem", "HackathonProblem\HackathonProblem.csproj", "{72AD9611-9150-42ED-BC3D-AF054FFA3B9D}"
EndProject
Project("{FAE04EC0-301F-11D3-BF4B-00C04F79EFBC}") = "HackathonProblem.TeamBuilding", "HackathonProblem.TeamBuilding\HackathonProblem.TeamBuilding.csproj", "{5F7D4D95-C4B0-468B-AE8A-A3BF188E84D9}"
EndProject
Project("{FAE04EC0-301F-11D3-BF4B-00C04F79EFBC}") = "HackathonProblem.Implementations", "HackathonProblem.Implementations\HackathonProblem.Implementations.csproj", "{B9CF622A-F96E-4117-A580-5C1A94D83E8B}"
EndProject
Project("{FAE04EC0-301F-11D3-BF4B-00C04F79EFBC}") = "HackathonProblem.ConsoleHackathon", "HackathonProblem.ConsoleHackathon\HackathonProblem.ConsoleHackathon.csproj", "{9D3527BD-79E9-497B-9F79-CA2CC1F85F6C}"
EndProject
Project("{FAE04EC0-301F-11D3-BF4B-00C04F79EFBC}") = "HackathonProblem.HackathonHost", "HackathonProblem.HackathonHost\HackathonProblem.HackathonHost.csproj", "{DF9D98E1-D3DF-438B-AFFD-98DD7D314593}"
EndProject
Project("{FAE04EC0-301F-11D3-BF4B-00C04F79EFBC}") = "HackathonProblem.Test", "HackathonProblem.Test\HackathonProblem.Test.csproj", "{7B75CED3-8B4F-42B8-B97A-FF7EF593528B}"
EndProject
Project("{FAE04EC0-301F-11D3-BF4B-00C04F79EFBC}") = "HackathonProblem.Database", "HackathonProblem.Database\HackathonProblem.Database.csproj", "{F603C751-D381-45D2-80EC-7C2DA961938E}"
EndProject
Project("{FAE04EC0-301F-11D3-BF4B-00C04F79EFBC}") = "HackathonProblem.Database.App", "HackathonProblem.Database.App\HackathonProblem.Database.App.csproj", "{08E189DC-D28A-45B0-9FD9-6928A9C25A2C}"
EndProject
Global
	GlobalSection(SolutionConfigurationPlatforms) = preSolution
		Debug|Any CPU = Debug|Any CPU
		Release|Any CPU = Release|Any CPU
	EndGlobalSection
	GlobalSection(ProjectConfigurationPlatforms) = postSolution
		{72AD9611-9150-42ED-BC3D-AF054FFA3B9D}.Debug|Any CPU.ActiveCfg = Debug|Any CPU
		{72AD9611-9150-42ED-BC3D-AF054FFA3B9D}.Debug|Any CPU.Build.0 = Debug|Any CPU
		{72AD9611-9150-42ED-BC3D-AF054FFA3B9D}.Release|Any CPU.ActiveCfg = Release|Any CPU
		{72AD9611-9150-42ED-BC3D-AF054FFA3B9D}.Release|Any CPU.Build.0 = Release|Any CPU
		{5F7D4D95-C4B0-468B-AE8A-A3BF188E84D9}.Debug|Any CPU.ActiveCfg = Debug|Any CPU
		{5F7D4D95-C4B0-468B-AE8A-A3BF188E84D9}.Debug|Any CPU.Build.0 = Debug|Any CPU
		{5F7D4D95-C4B0-468B-AE8A-A3BF188E84D9}.Release|Any CPU.ActiveCfg = Release|Any CPU
		{5F7D4D95-C4B0-468B-AE8A-A3BF188E84D9}.Release|Any CPU.Build.0 = Release|Any CPU
		{B9CF622A-F96E-4117-A580-5C1A94D83E8B}.Debug|Any CPU.ActiveCfg = Debug|Any CPU
		{B9CF622A-F96E-4117-A580-5C1A94D83E8B}.Debug|Any CPU.Build.0 = Debug|Any CPU
		{B9CF622A-F96E-4117-A580-5C1A94D83E8B}.Release|Any CPU.ActiveCfg = Release|Any CPU
		{B9CF622A-F96E-4117-A580-5C1A94D83E8B}.Release|Any CPU.Build.0 = Release|Any CPU
		{9D3527BD-79E9-497B-9F79-CA2CC1F85F6C}.Debug|Any CPU.ActiveCfg = Debug|Any CPU
		{9D3527BD-79E9-497B-9F79-CA2CC1F85F6C}.Debug|Any CPU.Build.0 = Debug|Any CPU
		{9D3527BD-79E9-497B-9F79-CA2CC1F85F6C}.Release|Any CPU.ActiveCfg = Release|Any CPU
		{9D3527BD-79E9-497B-9F79-CA2CC1F85F6C}.Release|Any CPU.Build.0 = Release|Any CPU
		{DF9D98E1-D3DF-438B-AFFD-98DD7D314593}.Debug|Any CPU.ActiveCfg = Debug|Any CPU
		{DF9D98E1-D3DF-438B-AFFD-98DD7D314593}.Debug|Any CPU.Build.0 = Debug|Any CPU
		{DF9D98E1-D3DF-438B-AFFD-98DD7D314593}.Release|Any CPU.ActiveCfg = Release|Any CPU
		{DF9D98E1-D3DF-438B-AFFD-98DD7D314593}.Release|Any CPU.Build.0 = Release|Any CPU
		{7B75CED3-8B4F-42B8-B97A-FF7EF593528B}.Debug|Any CPU.ActiveCfg = Debug|Any CPU
		{7B75CED3-8B4F-42B8-B97A-FF7EF593528B}.Debug|Any CPU.Build.0 = Debug|Any CPU
		{7B75CED3-8B4F-42B8-B97A-FF7EF593528B}.Release|Any CPU.ActiveCfg = Release|Any CPU
		{7B75CED3-8B4F-42B8-B97A-FF7EF593528B}.Release|Any CPU.Build.0 = Release|Any CPU
		{F603C751-D381-45D2-80EC-7C2DA961938E}.Debug|Any CPU.ActiveCfg = Debug|Any CPU
		{F603C751-D381-45D2-80EC-7C2DA961938E}.Debug|Any CPU.Build.0 = Debug|Any CPU
		{F603C751-D381-45D2-80EC-7C2DA961938E}.Release|Any CPU.ActiveCfg = Release|Any CPU
		{F603C751-D381-45D2-80EC-7C2DA961938E}.Release|Any CPU.Build.0 = Release|Any CPU
		{08E189DC-D28A-45B0-9FD9-6928A9C25A2C}.Debug|Any CPU.ActiveCfg = Debug|Any CPU
		{08E189DC-D28A-45B0-9FD9-6928A9C25A2C}.Debug|Any CPU.Build.0 = Debug|Any CPU
		{08E189DC-D28A-45B0-9FD9-6928A9C25A2C}.Release|Any CPU.ActiveCfg = Release|Any CPU
		{08E189DC-D28A-45B0-9FD9-6928A9C25A2C}.Release|Any CPU.Build.0 = Release|Any CPU
	EndGlobalSection
	GlobalSection(SolutionProperties) = preSolution
		HideSolutionNode = FALSE
	EndGlobalSection
	GlobalSection(ExtensibilityGlobals) = postSolution
		SolutionGuid = {1A0144DF-F9AB-42BE-A99A-27AEAD1476E0}
	EndGlobalSection
EndGlobal
