
Microsoft Visual Studio Solution File, Format Version 12.00
# Visual Studio Version 17
VisualStudioVersion = 17.5.002.0
MinimumVisualStudioVersion = 10.0.40219.1
Project("{9A19103F-16F7-4668-BE54-9A1E7A4F7556}") = "HackathonProblem.Legacy", "HackathonProblem.Legacy\HackathonProblem.Legacy.csproj", "{606EBA70-324D-4DDA-BF5B-9AFCC1EF55EE}"
EndProject
Project("{FAE04EC0-301F-11D3-BF4B-00C04F79EFBC}") = "HackathonProblem", "HackathonProblem\HackathonProblem.csproj", "{72AD9611-9150-42ED-BC3D-AF054FFA3B9D}"
EndProject
Global
	GlobalSection(SolutionConfigurationPlatforms) = preSolution
		Debug|Any CPU = Debug|Any CPU
		Release|Any CPU = Release|Any CPU
	EndGlobalSection
	GlobalSection(ProjectConfigurationPlatforms) = postSolution
		{606EBA70-324D-4DDA-BF5B-9AFCC1EF55EE}.Debug|Any CPU.ActiveCfg = Debug|Any CPU
		{606EBA70-324D-4DDA-BF5B-9AFCC1EF55EE}.Debug|Any CPU.Build.0 = Debug|Any CPU
		{606EBA70-324D-4DDA-BF5B-9AFCC1EF55EE}.Release|Any CPU.ActiveCfg = Release|Any CPU
		{606EBA70-324D-4DDA-BF5B-9AFCC1EF55EE}.Release|Any CPU.Build.0 = Release|Any CPU
		{72AD9611-9150-42ED-BC3D-AF054FFA3B9D}.Debug|Any CPU.ActiveCfg = Debug|Any CPU
		{72AD9611-9150-42ED-BC3D-AF054FFA3B9D}.Debug|Any CPU.Build.0 = Debug|Any CPU
		{72AD9611-9150-42ED-BC3D-AF054FFA3B9D}.Release|Any CPU.ActiveCfg = Release|Any CPU
		{72AD9611-9150-42ED-BC3D-AF054FFA3B9D}.Release|Any CPU.Build.0 = Release|Any CPU
	EndGlobalSection
	GlobalSection(SolutionProperties) = preSolution
		HideSolutionNode = FALSE
	EndGlobalSection
	GlobalSection(ExtensibilityGlobals) = postSolution
		SolutionGuid = {1A0144DF-F9AB-42BE-A99A-27AEAD1476E0}
	EndGlobalSection
EndGlobal
